
Microsoft Visual Studio Solution File, Format Version 12.00
# Visual Studio Version 17
VisualStudioVersion = 17.13.35931.197
MinimumVisualStudioVersion = 10.0.40219.1
Project("{FAE04EC0-301F-11D3-BF4B-00C04F79EFBC}") = "SurveyBasket", "SurveyBasket\SurveyBasket.csproj", "{D008294B-91D7-4339-B015-EFD1418E1343}"
EndProject
Global
	GlobalSection(SolutionConfigurationPlatforms) = preSolution
		Debug|Any CPU = Debug|Any CPU
		Release|Any CPU = Release|Any CPU
	EndGlobalSection
	GlobalSection(ProjectConfigurationPlatforms) = postSolution
		{D008294B-91D7-4339-B015-EFD1418E1343}.Debug|Any CPU.ActiveCfg = Debug|Any CPU
		{D008294B-91D7-4339-B015-EFD1418E1343}.Debug|Any CPU.Build.0 = Debug|Any CPU
		{D008294B-91D7-4339-B015-EFD1418E1343}.Release|Any CPU.ActiveCfg = Release|Any CPU
		{D008294B-91D7-4339-B015-EFD1418E1343}.Release|Any CPU.Build.0 = Release|Any CPU
	EndGlobalSection
	GlobalSection(SolutionProperties) = preSolution
		HideSolutionNode = FALSE
	EndGlobalSection
	GlobalSection(ExtensibilityGlobals) = postSolution
		SolutionGuid = {E798111F-DBB6-4746-B341-0CB1388F0176}
	EndGlobalSection
EndGlobal
